// !$*UTF8*$!
{
	archiveVersion = 1;
	classes = {
	};
	objectVersion = 56;
	objects = {

/* Begin PBXBuildFile section */
		A7F55B0A2CB047CE0005F45B /* SoundRecognitionBugApp.swift in Sources */ = {isa = PBXBuildFile; fileRef = A7F55B092CB047CE0005F45B /* SoundRecognitionBugApp.swift */; };
		A7F55B0C2CB047CE0005F45B /* ContentView.swift in Sources */ = {isa = PBXBuildFile; fileRef = A7F55B0B2CB047CE0005F45B /* ContentView.swift */; };
		A7F55B0E2CB047CF0005F45B /* Assets.xcassets in Resources */ = {isa = PBXBuildFile; fileRef = A7F55B0D2CB047CF0005F45B /* Assets.xcassets */; };
		A7F55B112CB047CF0005F45B /* Preview Assets.xcassets in Resources */ = {isa = PBXBuildFile; fileRef = A7F55B102CB047CF0005F45B /* Preview Assets.xcassets */; };
		A7F55B1B2CB047D00005F45B /* SoundRecognitionBugTests.swift in Sources */ = {isa = PBXBuildFile; fileRef = A7F55B1A2CB047D00005F45B /* SoundRecognitionBugTests.swift */; };
		A7F55B252CB047D00005F45B /* SoundRecognitionBugUITests.swift in Sources */ = {isa = PBXBuildFile; fileRef = A7F55B242CB047D00005F45B /* SoundRecognitionBugUITests.swift */; };
		A7F55B272CB047D00005F45B /* SoundRecognitionBugUITestsLaunchTests.swift in Sources */ = {isa = PBXBuildFile; fileRef = A7F55B262CB047D00005F45B /* SoundRecognitionBugUITestsLaunchTests.swift */; };
		A7F55B382CB048600005F45B /* AudioSystem.mm in Sources */ = {isa = PBXBuildFile; fileRef = A7F55B372CB048600005F45B /* AudioSystem.mm */; };
		A7F55B3B2CB0588F0005F45B /* AudioToolbox.framework in Frameworks */ = {isa = PBXBuildFile; fileRef = A7F55B3A2CB0588F0005F45B /* AudioToolbox.framework */; };
		A7F55B412CB058E80005F45B /* CoreAudio.framework in Frameworks */ = {isa = PBXBuildFile; fileRef = A7F55B402CB058E80005F45B /* CoreAudio.framework */; };
		A7F55B422CB058FB0005F45B /* AVFoundation.framework in Frameworks */ = {isa = PBXBuildFile; fileRef = A7F55B3E2CB058D00005F45B /* AVFoundation.framework */; };
/* End PBXBuildFile section */

/* Begin PBXContainerItemProxy section */
		A7F55B172CB047D00005F45B /* PBXContainerItemProxy */ = {
			isa = PBXContainerItemProxy;
			containerPortal = A7F55AFE2CB047CE0005F45B /* Project object */;
			proxyType = 1;
			remoteGlobalIDString = A7F55B052CB047CE0005F45B;
			remoteInfo = SoundRecognitionBug;
		};
		A7F55B212CB047D00005F45B /* PBXContainerItemProxy */ = {
			isa = PBXContainerItemProxy;
			containerPortal = A7F55AFE2CB047CE0005F45B /* Project object */;
			proxyType = 1;
			remoteGlobalIDString = A7F55B052CB047CE0005F45B;
			remoteInfo = SoundRecognitionBug;
		};
/* End PBXContainerItemProxy section */

/* Begin PBXFileReference section */
		A7E2F7752CB05DF10083F153 /* CircularBuffer.h */ = {isa = PBXFileReference; lastKnownFileType = sourcecode.c.h; path = CircularBuffer.h; sourceTree = "<group>"; };
		A7F55B062CB047CE0005F45B /* SoundRecognitionBug.app */ = {isa = PBXFileReference; explicitFileType = wrapper.application; includeInIndex = 0; path = SoundRecognitionBug.app; sourceTree = BUILT_PRODUCTS_DIR; };
		A7F55B092CB047CE0005F45B /* SoundRecognitionBugApp.swift */ = {isa = PBXFileReference; lastKnownFileType = sourcecode.swift; path = SoundRecognitionBugApp.swift; sourceTree = "<group>"; };
		A7F55B0B2CB047CE0005F45B /* ContentView.swift */ = {isa = PBXFileReference; lastKnownFileType = sourcecode.swift; path = ContentView.swift; sourceTree = "<group>"; };
		A7F55B0D2CB047CF0005F45B /* Assets.xcassets */ = {isa = PBXFileReference; lastKnownFileType = folder.assetcatalog; path = Assets.xcassets; sourceTree = "<group>"; };
		A7F55B102CB047CF0005F45B /* Preview Assets.xcassets */ = {isa = PBXFileReference; lastKnownFileType = folder.assetcatalog; path = "Preview Assets.xcassets"; sourceTree = "<group>"; };
		A7F55B162CB047D00005F45B /* SoundRecognitionBugTests.xctest */ = {isa = PBXFileReference; explicitFileType = wrapper.cfbundle; includeInIndex = 0; path = SoundRecognitionBugTests.xctest; sourceTree = BUILT_PRODUCTS_DIR; };
		A7F55B1A2CB047D00005F45B /* SoundRecognitionBugTests.swift */ = {isa = PBXFileReference; lastKnownFileType = sourcecode.swift; path = SoundRecognitionBugTests.swift; sourceTree = "<group>"; };
		A7F55B202CB047D00005F45B /* SoundRecognitionBugUITests.xctest */ = {isa = PBXFileReference; explicitFileType = wrapper.cfbundle; includeInIndex = 0; path = SoundRecognitionBugUITests.xctest; sourceTree = BUILT_PRODUCTS_DIR; };
		A7F55B242CB047D00005F45B /* SoundRecognitionBugUITests.swift */ = {isa = PBXFileReference; lastKnownFileType = sourcecode.swift; path = SoundRecognitionBugUITests.swift; sourceTree = "<group>"; };
		A7F55B262CB047D00005F45B /* SoundRecognitionBugUITestsLaunchTests.swift */ = {isa = PBXFileReference; lastKnownFileType = sourcecode.swift; path = SoundRecognitionBugUITestsLaunchTests.swift; sourceTree = "<group>"; };
		A7F55B332CB047FA0005F45B /* SoundRecognitionBug-Bridging-Header.h */ = {isa = PBXFileReference; lastKnownFileType = sourcecode.c.h; path = "SoundRecognitionBug-Bridging-Header.h"; sourceTree = "<group>"; };
		A7F55B362CB0481D0005F45B /* AudioSystem.h */ = {isa = PBXFileReference; lastKnownFileType = sourcecode.c.h; path = AudioSystem.h; sourceTree = "<group>"; };
		A7F55B372CB048600005F45B /* AudioSystem.mm */ = {isa = PBXFileReference; fileEncoding = 4; lastKnownFileType = sourcecode.cpp.objcpp; path = AudioSystem.mm; sourceTree = "<group>"; };
		A7F55B3A2CB0588F0005F45B /* AudioToolbox.framework */ = {isa = PBXFileReference; lastKnownFileType = wrapper.framework; name = AudioToolbox.framework; path = System/Library/Frameworks/AudioToolbox.framework; sourceTree = SDKROOT; };
		A7F55B3C2CB058AD0005F45B /* AudioUnit.framework */ = {isa = PBXFileReference; lastKnownFileType = wrapper.framework; name = AudioUnit.framework; path = System/Library/Frameworks/AudioUnit.framework; sourceTree = SDKROOT; };
		A7F55B3E2CB058D00005F45B /* AVFoundation.framework */ = {isa = PBXFileReference; lastKnownFileType = wrapper.framework; name = AVFoundation.framework; path = System/Library/Frameworks/AVFoundation.framework; sourceTree = SDKROOT; };
		A7F55B402CB058E80005F45B /* CoreAudio.framework */ = {isa = PBXFileReference; lastKnownFileType = wrapper.framework; name = CoreAudio.framework; path = System/Library/Frameworks/CoreAudio.framework; sourceTree = SDKROOT; };
/* End PBXFileReference section */

/* Begin PBXFrameworksBuildPhase section */
		A7F55B032CB047CE0005F45B /* Frameworks */ = {
			isa = PBXFrameworksBuildPhase;
			buildActionMask = 2147483647;
			files = (
				A7F55B3B2CB0588F0005F45B /* AudioToolbox.framework in Frameworks */,
				A7F55B412CB058E80005F45B /* CoreAudio.framework in Frameworks */,
				A7F55B422CB058FB0005F45B /* AVFoundation.framework in Frameworks */,
			);
			runOnlyForDeploymentPostprocessing = 0;
		};
		A7F55B132CB047D00005F45B /* Frameworks */ = {
			isa = PBXFrameworksBuildPhase;
			buildActionMask = 2147483647;
			files = (
			);
			runOnlyForDeploymentPostprocessing = 0;
		};
		A7F55B1D2CB047D00005F45B /* Frameworks */ = {
			isa = PBXFrameworksBuildPhase;
			buildActionMask = 2147483647;
			files = (
			);
			runOnlyForDeploymentPostprocessing = 0;
		};
/* End PBXFrameworksBuildPhase section */

/* Begin PBXGroup section */
		A7F55AFD2CB047CE0005F45B = {
			isa = PBXGroup;
			children = (
				A7F55B082CB047CE0005F45B /* SoundRecognitionBug */,
				A7F55B192CB047D00005F45B /* SoundRecognitionBugTests */,
				A7F55B232CB047D00005F45B /* SoundRecognitionBugUITests */,
				A7F55B072CB047CE0005F45B /* Products */,
				A7F55B392CB0588F0005F45B /* Frameworks */,
			);
			sourceTree = "<group>";
		};
		A7F55B072CB047CE0005F45B /* Products */ = {
			isa = PBXGroup;
			children = (
				A7F55B062CB047CE0005F45B /* SoundRecognitionBug.app */,
				A7F55B162CB047D00005F45B /* SoundRecognitionBugTests.xctest */,
				A7F55B202CB047D00005F45B /* SoundRecognitionBugUITests.xctest */,
			);
			name = Products;
			sourceTree = "<group>";
		};
		A7F55B082CB047CE0005F45B /* SoundRecognitionBug */ = {
			isa = PBXGroup;
			children = (
				A7F55B092CB047CE0005F45B /* SoundRecognitionBugApp.swift */,
				A7F55B0B2CB047CE0005F45B /* ContentView.swift */,
				A7F55B0D2CB047CF0005F45B /* Assets.xcassets */,
				A7F55B0F2CB047CF0005F45B /* Preview Content */,
				A7F55B362CB0481D0005F45B /* AudioSystem.h */,
				A7F55B372CB048600005F45B /* AudioSystem.mm */,
				A7F55B332CB047FA0005F45B /* SoundRecognitionBug-Bridging-Header.h */,
				A7E2F7752CB05DF10083F153 /* CircularBuffer.h */,
			);
			path = SoundRecognitionBug;
			sourceTree = "<group>";
		};
		A7F55B0F2CB047CF0005F45B /* Preview Content */ = {
			isa = PBXGroup;
			children = (
				A7F55B102CB047CF0005F45B /* Preview Assets.xcassets */,
			);
			path = "Preview Content";
			sourceTree = "<group>";
		};
		A7F55B192CB047D00005F45B /* SoundRecognitionBugTests */ = {
			isa = PBXGroup;
			children = (
				A7F55B1A2CB047D00005F45B /* SoundRecognitionBugTests.swift */,
			);
			path = SoundRecognitionBugTests;
			sourceTree = "<group>";
		};
		A7F55B232CB047D00005F45B /* SoundRecognitionBugUITests */ = {
			isa = PBXGroup;
			children = (
				A7F55B242CB047D00005F45B /* SoundRecognitionBugUITests.swift */,
				A7F55B262CB047D00005F45B /* SoundRecognitionBugUITestsLaunchTests.swift */,
			);
			path = SoundRecognitionBugUITests;
			sourceTree = "<group>";
		};
		A7F55B392CB0588F0005F45B /* Frameworks */ = {
			isa = PBXGroup;
			children = (
				A7F55B402CB058E80005F45B /* CoreAudio.framework */,
				A7F55B3E2CB058D00005F45B /* AVFoundation.framework */,
				A7F55B3C2CB058AD0005F45B /* AudioUnit.framework */,
				A7F55B3A2CB0588F0005F45B /* AudioToolbox.framework */,
			);
			name = Frameworks;
			sourceTree = "<group>";
		};
/* End PBXGroup section */

/* Begin PBXNativeTarget section */
		A7F55B052CB047CE0005F45B /* SoundRecognitionBug */ = {
			isa = PBXNativeTarget;
			buildConfigurationList = A7F55B2A2CB047D00005F45B /* Build configuration list for PBXNativeTarget "SoundRecognitionBug" */;
			buildPhases = (
				A7F55B022CB047CE0005F45B /* Sources */,
				A7F55B032CB047CE0005F45B /* Frameworks */,
				A7F55B042CB047CE0005F45B /* Resources */,
			);
			buildRules = (
			);
			dependencies = (
			);
			name = SoundRecognitionBug;
			productName = SoundRecognitionBug;
			productReference = A7F55B062CB047CE0005F45B /* SoundRecognitionBug.app */;
			productType = "com.apple.product-type.application";
		};
		A7F55B152CB047D00005F45B /* SoundRecognitionBugTests */ = {
			isa = PBXNativeTarget;
			buildConfigurationList = A7F55B2D2CB047D00005F45B /* Build configuration list for PBXNativeTarget "SoundRecognitionBugTests" */;
			buildPhases = (
				A7F55B122CB047D00005F45B /* Sources */,
				A7F55B132CB047D00005F45B /* Frameworks */,
				A7F55B142CB047D00005F45B /* Resources */,
			);
			buildRules = (
			);
			dependencies = (
				A7F55B182CB047D00005F45B /* PBXTargetDependency */,
			);
			name = SoundRecognitionBugTests;
			productName = SoundRecognitionBugTests;
			productReference = A7F55B162CB047D00005F45B /* SoundRecognitionBugTests.xctest */;
			productType = "com.apple.product-type.bundle.unit-test";
		};
		A7F55B1F2CB047D00005F45B /* SoundRecognitionBugUITests */ = {
			isa = PBXNativeTarget;
			buildConfigurationList = A7F55B302CB047D00005F45B /* Build configuration list for PBXNativeTarget "SoundRecognitionBugUITests" */;
			buildPhases = (
				A7F55B1C2CB047D00005F45B /* Sources */,
				A7F55B1D2CB047D00005F45B /* Frameworks */,
				A7F55B1E2CB047D00005F45B /* Resources */,
			);
			buildRules = (
			);
			dependencies = (
				A7F55B222CB047D00005F45B /* PBXTargetDependency */,
			);
			name = SoundRecognitionBugUITests;
			productName = SoundRecognitionBugUITests;
			productReference = A7F55B202CB047D00005F45B /* SoundRecognitionBugUITests.xctest */;
			productType = "com.apple.product-type.bundle.ui-testing";
		};
/* End PBXNativeTarget section */

/* Begin PBXProject section */
		A7F55AFE2CB047CE0005F45B /* Project object */ = {
			isa = PBXProject;
			attributes = {
				BuildIndependentTargetsInParallel = 1;
				LastSwiftUpdateCheck = 1540;
				LastUpgradeCheck = 1540;
				TargetAttributes = {
					A7F55B052CB047CE0005F45B = {
						CreatedOnToolsVersion = 15.4;
						LastSwiftMigration = 1540;
					};
					A7F55B152CB047D00005F45B = {
						CreatedOnToolsVersion = 15.4;
						TestTargetID = A7F55B052CB047CE0005F45B;
					};
					A7F55B1F2CB047D00005F45B = {
						CreatedOnToolsVersion = 15.4;
						TestTargetID = A7F55B052CB047CE0005F45B;
					};
				};
			};
			buildConfigurationList = A7F55B012CB047CE0005F45B /* Build configuration list for PBXProject "SoundRecognitionBug" */;
			compatibilityVersion = "Xcode 14.0";
			developmentRegion = en;
			hasScannedForEncodings = 0;
			knownRegions = (
				en,
				Base,
			);
			mainGroup = A7F55AFD2CB047CE0005F45B;
			productRefGroup = A7F55B072CB047CE0005F45B /* Products */;
			projectDirPath = "";
			projectRoot = "";
			targets = (
				A7F55B052CB047CE0005F45B /* SoundRecognitionBug */,
				A7F55B152CB047D00005F45B /* SoundRecognitionBugTests */,
				A7F55B1F2CB047D00005F45B /* SoundRecognitionBugUITests */,
			);
		};
/* End PBXProject section */

/* Begin PBXResourcesBuildPhase section */
		A7F55B042CB047CE0005F45B /* Resources */ = {
			isa = PBXResourcesBuildPhase;
			buildActionMask = 2147483647;
			files = (
				A7F55B112CB047CF0005F45B /* Preview Assets.xcassets in Resources */,
				A7F55B0E2CB047CF0005F45B /* Assets.xcassets in Resources */,
			);
			runOnlyForDeploymentPostprocessing = 0;
		};
		A7F55B142CB047D00005F45B /* Resources */ = {
			isa = PBXResourcesBuildPhase;
			buildActionMask = 2147483647;
			files = (
			);
			runOnlyForDeploymentPostprocessing = 0;
		};
		A7F55B1E2CB047D00005F45B /* Resources */ = {
			isa = PBXResourcesBuildPhase;
			buildActionMask = 2147483647;
			files = (
			);
			runOnlyForDeploymentPostprocessing = 0;
		};
/* End PBXResourcesBuildPhase section */

/* Begin PBXSourcesBuildPhase section */
		A7F55B022CB047CE0005F45B /* Sources */ = {
			isa = PBXSourcesBuildPhase;
			buildActionMask = 2147483647;
			files = (
				A7F55B0C2CB047CE0005F45B /* ContentView.swift in Sources */,
				A7F55B382CB048600005F45B /* AudioSystem.mm in Sources */,
				A7F55B0A2CB047CE0005F45B /* SoundRecognitionBugApp.swift in Sources */,
			);
			runOnlyForDeploymentPostprocessing = 0;
		};
		A7F55B122CB047D00005F45B /* Sources */ = {
			isa = PBXSourcesBuildPhase;
			buildActionMask = 2147483647;
			files = (
				A7F55B1B2CB047D00005F45B /* SoundRecognitionBugTests.swift in Sources */,
			);
			runOnlyForDeploymentPostprocessing = 0;
		};
		A7F55B1C2CB047D00005F45B /* Sources */ = {
			isa = PBXSourcesBuildPhase;
			buildActionMask = 2147483647;
			files = (
				A7F55B252CB047D00005F45B /* SoundRecognitionBugUITests.swift in Sources */,
				A7F55B272CB047D00005F45B /* SoundRecognitionBugUITestsLaunchTests.swift in Sources */,
			);
			runOnlyForDeploymentPostprocessing = 0;
		};
/* End PBXSourcesBuildPhase section */

/* Begin PBXTargetDependency section */
		A7F55B182CB047D00005F45B /* PBXTargetDependency */ = {
			isa = PBXTargetDependency;
			target = A7F55B052CB047CE0005F45B /* SoundRecognitionBug */;
			targetProxy = A7F55B172CB047D00005F45B /* PBXContainerItemProxy */;
		};
		A7F55B222CB047D00005F45B /* PBXTargetDependency */ = {
			isa = PBXTargetDependency;
			target = A7F55B052CB047CE0005F45B /* SoundRecognitionBug */;
			targetProxy = A7F55B212CB047D00005F45B /* PBXContainerItemProxy */;
		};
/* End PBXTargetDependency section */

/* Begin XCBuildConfiguration section */
		A7F55B282CB047D00005F45B /* Debug */ = {
			isa = XCBuildConfiguration;
			buildSettings = {
				ALWAYS_SEARCH_USER_PATHS = NO;
				ASSETCATALOG_COMPILER_GENERATE_SWIFT_ASSET_SYMBOL_EXTENSIONS = YES;
				CLANG_ANALYZER_NONNULL = YES;
				CLANG_ANALYZER_NUMBER_OBJECT_CONVERSION = YES_AGGRESSIVE;
				CLANG_CXX_LANGUAGE_STANDARD = "gnu++20";
				CLANG_ENABLE_MODULES = YES;
				CLANG_ENABLE_OBJC_ARC = YES;
				CLANG_ENABLE_OBJC_WEAK = YES;
				CLANG_WARN_BLOCK_CAPTURE_AUTORELEASING = YES;
				CLANG_WARN_BOOL_CONVERSION = YES;
				CLANG_WARN_COMMA = YES;
				CLANG_WARN_CONSTANT_CONVERSION = YES;
				CLANG_WARN_DEPRECATED_OBJC_IMPLEMENTATIONS = YES;
				CLANG_WARN_DIRECT_OBJC_ISA_USAGE = YES_ERROR;
				CLANG_WARN_DOCUMENTATION_COMMENTS = YES;
				CLANG_WARN_EMPTY_BODY = YES;
				CLANG_WARN_ENUM_CONVERSION = YES;
				CLANG_WARN_INFINITE_RECURSION = YES;
				CLANG_WARN_INT_CONVERSION = YES;
				CLANG_WARN_NON_LITERAL_NULL_CONVERSION = YES;
				CLANG_WARN_OBJC_IMPLICIT_RETAIN_SELF = YES;
				CLANG_WARN_OBJC_LITERAL_CONVERSION = YES;
				CLANG_WARN_OBJC_ROOT_CLASS = YES_ERROR;
				CLANG_WARN_QUOTED_INCLUDE_IN_FRAMEWORK_HEADER = YES;
				CLANG_WARN_RANGE_LOOP_ANALYSIS = YES;
				CLANG_WARN_STRICT_PROTOTYPES = YES;
				CLANG_WARN_SUSPICIOUS_MOVE = YES;
				CLANG_WARN_UNGUARDED_AVAILABILITY = YES_AGGRESSIVE;
				CLANG_WARN_UNREACHABLE_CODE = YES;
				CLANG_WARN__DUPLICATE_METHOD_MATCH = YES;
				COPY_PHASE_STRIP = NO;
				DEBUG_INFORMATION_FORMAT = dwarf;
				ENABLE_STRICT_OBJC_MSGSEND = YES;
				ENABLE_TESTABILITY = YES;
				ENABLE_USER_SCRIPT_SANDBOXING = YES;
				GCC_C_LANGUAGE_STANDARD = gnu17;
				GCC_DYNAMIC_NO_PIC = NO;
				GCC_NO_COMMON_BLOCKS = YES;
				GCC_OPTIMIZATION_LEVEL = 0;
				GCC_PREPROCESSOR_DEFINITIONS = (
					"DEBUG=1",
					"$(inherited)",
				);
				GCC_WARN_64_TO_32_BIT_CONVERSION = YES;
				GCC_WARN_ABOUT_RETURN_TYPE = YES_ERROR;
				GCC_WARN_UNDECLARED_SELECTOR = YES;
				GCC_WARN_UNINITIALIZED_AUTOS = YES_AGGRESSIVE;
				GCC_WARN_UNUSED_FUNCTION = YES;
				GCC_WARN_UNUSED_VARIABLE = YES;
				IPHONEOS_DEPLOYMENT_TARGET = 17.5;
				LOCALIZATION_PREFERS_STRING_CATALOGS = YES;
				MTL_ENABLE_DEBUG_INFO = INCLUDE_SOURCE;
				MTL_FAST_MATH = YES;
				ONLY_ACTIVE_ARCH = YES;
				SDKROOT = iphoneos;
				SWIFT_ACTIVE_COMPILATION_CONDITIONS = "DEBUG $(inherited)";
				SWIFT_OPTIMIZATION_LEVEL = "-Onone";
			};
			name = Debug;
		};
		A7F55B292CB047D00005F45B /* Release */ = {
			isa = XCBuildConfiguration;
			buildSettings = {
				ALWAYS_SEARCH_USER_PATHS = NO;
				ASSETCATALOG_COMPILER_GENERATE_SWIFT_ASSET_SYMBOL_EXTENSIONS = YES;
				CLANG_ANALYZER_NONNULL = YES;
				CLANG_ANALYZER_NUMBER_OBJECT_CONVERSION = YES_AGGRESSIVE;
				CLANG_CXX_LANGUAGE_STANDARD = "gnu++20";
				CLANG_ENABLE_MODULES = YES;
				CLANG_ENABLE_OBJC_ARC = YES;
				CLANG_ENABLE_OBJC_WEAK = YES;
				CLANG_WARN_BLOCK_CAPTURE_AUTORELEASING = YES;
				CLANG_WARN_BOOL_CONVERSION = YES;
				CLANG_WARN_COMMA = YES;
				CLANG_WARN_CONSTANT_CONVERSION = YES;
				CLANG_WARN_DEPRECATED_OBJC_IMPLEMENTATIONS = YES;
				CLANG_WARN_DIRECT_OBJC_ISA_USAGE = YES_ERROR;
				CLANG_WARN_DOCUMENTATION_COMMENTS = YES;
				CLANG_WARN_EMPTY_BODY = YES;
				CLANG_WARN_ENUM_CONVERSION = YES;
				CLANG_WARN_INFINITE_RECURSION = YES;
				CLANG_WARN_INT_CONVERSION = YES;
				CLANG_WARN_NON_LITERAL_NULL_CONVERSION = YES;
				CLANG_WARN_OBJC_IMPLICIT_RETAIN_SELF = YES;
				CLANG_WARN_OBJC_LITERAL_CONVERSION = YES;
				CLANG_WARN_OBJC_ROOT_CLASS = YES_ERROR;
				CLANG_WARN_QUOTED_INCLUDE_IN_FRAMEWORK_HEADER = YES;
				CLANG_WARN_RANGE_LOOP_ANALYSIS = YES;
				CLANG_WARN_STRICT_PROTOTYPES = YES;
				CLANG_WARN_SUSPICIOUS_MOVE = YES;
				CLANG_WARN_UNGUARDED_AVAILABILITY = YES_AGGRESSIVE;
				CLANG_WARN_UNREACHABLE_CODE = YES;
				CLANG_WARN__DUPLICATE_METHOD_MATCH = YES;
				COPY_PHASE_STRIP = NO;
				DEBUG_INFORMATION_FORMAT = "dwarf-with-dsym";
				ENABLE_NS_ASSERTIONS = NO;
				ENABLE_STRICT_OBJC_MSGSEND = YES;
				ENABLE_USER_SCRIPT_SANDBOXING = YES;
				GCC_C_LANGUAGE_STANDARD = gnu17;
				GCC_NO_COMMON_BLOCKS = YES;
				GCC_WARN_64_TO_32_BIT_CONVERSION = YES;
				GCC_WARN_ABOUT_RETURN_TYPE = YES_ERROR;
				GCC_WARN_UNDECLARED_SELECTOR = YES;
				GCC_WARN_UNINITIALIZED_AUTOS = YES_AGGRESSIVE;
				GCC_WARN_UNUSED_FUNCTION = YES;
				GCC_WARN_UNUSED_VARIABLE = YES;
				IPHONEOS_DEPLOYMENT_TARGET = 17.5;
				LOCALIZATION_PREFERS_STRING_CATALOGS = YES;
				MTL_ENABLE_DEBUG_INFO = NO;
				MTL_FAST_MATH = YES;
				SDKROOT = iphoneos;
				SWIFT_COMPILATION_MODE = wholemodule;
				VALIDATE_PRODUCT = YES;
			};
			name = Release;
		};
		A7F55B2B2CB047D00005F45B /* Debug */ = {
			isa = XCBuildConfiguration;
			buildSettings = {
				ASSETCATALOG_COMPILER_APPICON_NAME = AppIcon;
				ASSETCATALOG_COMPILER_GLOBAL_ACCENT_COLOR_NAME = AccentColor;
				CLANG_ENABLE_MODULES = YES;
				CODE_SIGN_STYLE = Automatic;
				CURRENT_PROJECT_VERSION = 1;
				DEVELOPMENT_ASSET_PATHS = "\"SoundRecognitionBug/Preview Content\"";
				DEVELOPMENT_TEAM = 3M5HT396PB;
				ENABLE_PREVIEWS = YES;
				GENERATE_INFOPLIST_FILE = YES;
				INFOPLIST_KEY_NSMicrophoneUsageDescription = "I will show you a bug if you give me mic permissions.";
				INFOPLIST_KEY_UIApplicationSceneManifest_Generation = YES;
				INFOPLIST_KEY_UIApplicationSupportsIndirectInputEvents = YES;
				INFOPLIST_KEY_UILaunchScreen_Generation = YES;
				INFOPLIST_KEY_UISupportedInterfaceOrientations_iPad = "UIInterfaceOrientationPortrait UIInterfaceOrientationPortraitUpsideDown UIInterfaceOrientationLandscapeLeft UIInterfaceOrientationLandscapeRight";
				INFOPLIST_KEY_UISupportedInterfaceOrientations_iPhone = "UIInterfaceOrientationPortrait UIInterfaceOrientationLandscapeLeft UIInterfaceOrientationLandscapeRight";
				LD_RUNPATH_SEARCH_PATHS = (
					"$(inherited)",
					"@executable_path/Frameworks",
				);
				MARKETING_VERSION = 1.0;
				PRODUCT_BUNDLE_IDENTIFIER = smle.SoundRecognitionBug;
				PRODUCT_NAME = "$(TARGET_NAME)";
				SWIFT_EMIT_LOC_STRINGS = YES;
				SWIFT_OBJC_BRIDGING_HEADER = "SoundRecognitionBug/SoundRecognitionBug-Bridging-Header.h";
				SWIFT_OPTIMIZATION_LEVEL = "-Onone";
				SWIFT_VERSION = 5.0;
				TARGETED_DEVICE_FAMILY = "1,2";
			};
			name = Debug;
		};
		A7F55B2C2CB047D00005F45B /* Release */ = {
			isa = XCBuildConfiguration;
			buildSettings = {
				ASSETCATALOG_COMPILER_APPICON_NAME = AppIcon;
				ASSETCATALOG_COMPILER_GLOBAL_ACCENT_COLOR_NAME = AccentColor;
				CLANG_ENABLE_MODULES = YES;
				CODE_SIGN_STYLE = Automatic;
				CURRENT_PROJECT_VERSION = 1;
				DEVELOPMENT_ASSET_PATHS = "\"SoundRecognitionBug/Preview Content\"";
				DEVELOPMENT_TEAM = 3M5HT396PB;
				ENABLE_PREVIEWS = YES;
				GENERATE_INFOPLIST_FILE = YES;
				INFOPLIST_KEY_NSMicrophoneUsageDescription = "I will show you a bug if you give me mic permissions.";
				INFOPLIST_KEY_UIApplicationSceneManifest_Generation = YES;
				INFOPLIST_KEY_UIApplicationSupportsIndirectInputEvents = YES;
				INFOPLIST_KEY_UILaunchScreen_Generation = YES;
				INFOPLIST_KEY_UISupportedInterfaceOrientations_iPad = "UIInterfaceOrientationPortrait UIInterfaceOrientationPortraitUpsideDown UIInterfaceOrientationLandscapeLeft UIInterfaceOrientationLandscapeRight";
				INFOPLIST_KEY_UISupportedInterfaceOrientations_iPhone = "UIInterfaceOrientationPortrait UIInterfaceOrientationLandscapeLeft UIInterfaceOrientationLandscapeRight";
				LD_RUNPATH_SEARCH_PATHS = (
					"$(inherited)",
					"@executable_path/Frameworks",
				);
				MARKETING_VERSION = 1.0;
				PRODUCT_BUNDLE_IDENTIFIER = smle.SoundRecognitionBug;
				PRODUCT_NAME = "$(TARGET_NAME)";
				SWIFT_EMIT_LOC_STRINGS = YES;
				SWIFT_OBJC_BRIDGING_HEADER = "SoundRecognitionBug/SoundRecognitionBug-Bridging-Header.h";
				SWIFT_VERSION = 5.0;
				TARGETED_DEVICE_FAMILY = "1,2";
			};
			name = Release;
		};
		A7F55B2E2CB047D00005F45B /* Debug */ = {
			isa = XCBuildConfiguration;
			buildSettings = {
				ALWAYS_EMBED_SWIFT_STANDARD_LIBRARIES = YES;
				BUNDLE_LOADER = "$(TEST_HOST)";
				CODE_SIGN_STYLE = Automatic;
				CURRENT_PROJECT_VERSION = 1;
				DEVELOPMENT_TEAM = 3M5HT396PB;
				GENERATE_INFOPLIST_FILE = YES;
				IPHONEOS_DEPLOYMENT_TARGET = 17.5;
				MARKETING_VERSION = 1.0;
				PRODUCT_BUNDLE_IDENTIFIER = smle.SoundRecognitionBugTests;
				PRODUCT_NAME = "$(TARGET_NAME)";
				SWIFT_EMIT_LOC_STRINGS = NO;
				SWIFT_VERSION = 5.0;
				TARGETED_DEVICE_FAMILY = "1,2";
				TEST_HOST = "$(BUILT_PRODUCTS_DIR)/SoundRecognitionBug.app/$(BUNDLE_EXECUTABLE_FOLDER_PATH)/SoundRecognitionBug";
			};
			name = Debug;
		};
		A7F55B2F2CB047D00005F45B /* Release */ = {
			isa = XCBuildConfiguration;
			buildSettings = {
				ALWAYS_EMBED_SWIFT_STANDARD_LIBRARIES = YES;
				BUNDLE_LOADER = "$(TEST_HOST)";
				CODE_SIGN_STYLE = Automatic;
				CURRENT_PROJECT_VERSION = 1;
				DEVELOPMENT_TEAM = 3M5HT396PB;
				GENERATE_INFOPLIST_FILE = YES;
				IPHONEOS_DEPLOYMENT_TARGET = 17.5;
				MARKETING_VERSION = 1.0;
				PRODUCT_BUNDLE_IDENTIFIER = smle.SoundRecognitionBugTests;
				PRODUCT_NAME = "$(TARGET_NAME)";
				SWIFT_EMIT_LOC_STRINGS = NO;
				SWIFT_VERSION = 5.0;
				TARGETED_DEVICE_FAMILY = "1,2";
				TEST_HOST = "$(BUILT_PRODUCTS_DIR)/SoundRecognitionBug.app/$(BUNDLE_EXECUTABLE_FOLDER_PATH)/SoundRecognitionBug";
			};
			name = Release;
		};
		A7F55B312CB047D00005F45B /* Debug */ = {
			isa = XCBuildConfiguration;
			buildSettings = {
				ALWAYS_EMBED_SWIFT_STANDARD_LIBRARIES = YES;
				CODE_SIGN_STYLE = Automatic;
				CURRENT_PROJECT_VERSION = 1;
				DEVELOPMENT_TEAM = 3M5HT396PB;
				GENERATE_INFOPLIST_FILE = YES;
				MARKETING_VERSION = 1.0;
				PRODUCT_BUNDLE_IDENTIFIER = smle.SoundRecognitionBugUITests;
				PRODUCT_NAME = "$(TARGET_NAME)";
				SWIFT_EMIT_LOC_STRINGS = NO;
				SWIFT_VERSION = 5.0;
				TARGETED_DEVICE_FAMILY = "1,2";
				TEST_TARGET_NAME = SoundRecognitionBug;
			};
			name = Debug;
		};
		A7F55B322CB047D00005F45B /* Release */ = {
			isa = XCBuildConfiguration;
			buildSettings = {
				ALWAYS_EMBED_SWIFT_STANDARD_LIBRARIES = YES;
				CODE_SIGN_STYLE = Automatic;
				CURRENT_PROJECT_VERSION = 1;
				DEVELOPMENT_TEAM = 3M5HT396PB;
				GENERATE_INFOPLIST_FILE = YES;
				MARKETING_VERSION = 1.0;
				PRODUCT_BUNDLE_IDENTIFIER = smle.SoundRecognitionBugUITests;
				PRODUCT_NAME = "$(TARGET_NAME)";
				SWIFT_EMIT_LOC_STRINGS = NO;
				SWIFT_VERSION = 5.0;
				TARGETED_DEVICE_FAMILY = "1,2";
				TEST_TARGET_NAME = SoundRecognitionBug;
			};
			name = Release;
		};
/* End XCBuildConfiguration section */

/* Begin XCConfigurationList section */
		A7F55B012CB047CE0005F45B /* Build configuration list for PBXProject "SoundRecognitionBug" */ = {
			isa = XCConfigurationList;
			buildConfigurations = (
				A7F55B282CB047D00005F45B /* Debug */,
				A7F55B292CB047D00005F45B /* Release */,
			);
			defaultConfigurationIsVisible = 0;
			defaultConfigurationName = Release;
		};
		A7F55B2A2CB047D00005F45B /* Build configuration list for PBXNativeTarget "SoundRecognitionBug" */ = {
			isa = XCConfigurationList;
			buildConfigurations = (
				A7F55B2B2CB047D00005F45B /* Debug */,
				A7F55B2C2CB047D00005F45B /* Release */,
			);
			defaultConfigurationIsVisible = 0;
			defaultConfigurationName = Release;
		};
		A7F55B2D2CB047D00005F45B /* Build configuration list for PBXNativeTarget "SoundRecognitionBugTests" */ = {
			isa = XCConfigurationList;
			buildConfigurations = (
				A7F55B2E2CB047D00005F45B /* Debug */,
				A7F55B2F2CB047D00005F45B /* Release */,
			);
			defaultConfigurationIsVisible = 0;
			defaultConfigurationName = Release;
		};
		A7F55B302CB047D00005F45B /* Build configuration list for PBXNativeTarget "SoundRecognitionBugUITests" */ = {
			isa = XCConfigurationList;
			buildConfigurations = (
				A7F55B312CB047D00005F45B /* Debug */,
				A7F55B322CB047D00005F45B /* Release */,
			);
			defaultConfigurationIsVisible = 0;
			defaultConfigurationName = Release;
		};
/* End XCConfigurationList section */
	};
	rootObject = A7F55AFE2CB047CE0005F45B /* Project object */;
}
